
Microsoft Visual Studio Solution File, Format Version 12.00
# Visual Studio Version 17
VisualStudioVersion = 17.11.35312.102
MinimumVisualStudioVersion = 10.0.40219.1
Project("{FAE04EC0-301F-11D3-BF4B-00C04F79EFBC}") = "budgetBuddy", "budgetBuddy.csproj", "{776BB5D0-1091-413D-BAAE-00C21FFEF6C9}"
EndProject
Global
	GlobalSection(SolutionConfigurationPlatforms) = preSolution
		Debug|Any CPU = Debug|Any CPU
		Release|Any CPU = Release|Any CPU
	EndGlobalSection
	GlobalSection(ProjectConfigurationPlatforms) = postSolution
		{776BB5D0-1091-413D-BAAE-00C21FFEF6C9}.Debug|Any CPU.ActiveCfg = Debug|Any CPU
		{776BB5D0-1091-413D-BAAE-00C21FFEF6C9}.Debug|Any CPU.Build.0 = Debug|Any CPU
		{776BB5D0-1091-413D-BAAE-00C21FFEF6C9}.Release|Any CPU.ActiveCfg = Release|Any CPU
		{776BB5D0-1091-413D-BAAE-00C21FFEF6C9}.Release|Any CPU.Build.0 = Release|Any CPU
	EndGlobalSection
	GlobalSection(SolutionProperties) = preSolution
		HideSolutionNode = FALSE
	EndGlobalSection
	GlobalSection(ExtensibilityGlobals) = postSolution
		SolutionGuid = {4379A17C-13BA-4AA5-87EF-D89D34D90612}
	EndGlobalSection
EndGlobal
